
Microsoft Visual Studio Solution File, Format Version 12.00
# Visual Studio 2012
Project("{FAE04EC0-301F-11D3-BF4B-00C04F79EFBC}") = "UsingPieChart", "UsingPieChart\UsingPieChart.csproj", "{9C4E69CB-5E9B-4234-8746-597B2A440DA7}"
EndProject
Project("{FAE04EC0-301F-11D3-BF4B-00C04F79EFBC}") = "PieChart", "..\PieChart\PieChart\PieChart.csproj", "{BF5CE618-F020-47E9-87D3-55DDE65A00CA}"
EndProject
Global
	GlobalSection(SolutionConfigurationPlatforms) = preSolution
		Debug|Any CPU = Debug|Any CPU
		Release|Any CPU = Release|Any CPU
	EndGlobalSection
	GlobalSection(ProjectConfigurationPlatforms) = postSolution
		{9C4E69CB-5E9B-4234-8746-597B2A440DA7}.Debug|Any CPU.ActiveCfg = Debug|Any CPU
		{9C4E69CB-5E9B-4234-8746-597B2A440DA7}.Debug|Any CPU.Build.0 = Debug|Any CPU
		{9C4E69CB-5E9B-4234-8746-597B2A440DA7}.Release|Any CPU.ActiveCfg = Release|Any CPU
		{9C4E69CB-5E9B-4234-8746-597B2A440DA7}.Release|Any CPU.Build.0 = Release|Any CPU
		{BF5CE618-F020-47E9-87D3-55DDE65A00CA}.Debug|Any CPU.ActiveCfg = Debug|Any CPU
		{BF5CE618-F020-47E9-87D3-55DDE65A00CA}.Debug|Any CPU.Build.0 = Debug|Any CPU
		{BF5CE618-F020-47E9-87D3-55DDE65A00CA}.Release|Any CPU.ActiveCfg = Release|Any CPU
		{BF5CE618-F020-47E9-87D3-55DDE65A00CA}.Release|Any CPU.Build.0 = Release|Any CPU
	EndGlobalSection
	GlobalSection(SolutionProperties) = preSolution
		HideSolutionNode = FALSE
	EndGlobalSection
EndGlobal
